
Microsoft Visual Studio Solution File, Format Version 12.00
# Visual Studio Version 17
VisualStudioVersion = 17.3.32929.385
MinimumVisualStudioVersion = 10.0.40219.1
Project("{9A19103F-16F7-4668-BE54-9A1E7A4F7556}") = "My Project RETROFIX", "My Project RETROFIX\My Project RETROFIX.csproj", "{18AA322C-CF39-4BE1-8FDF-FA63F2AA80F6}"
EndProject
Global
	GlobalSection(SolutionConfigurationPlatforms) = preSolution
		Debug|Any CPU = Debug|Any CPU
		Release|Any CPU = Release|Any CPU
	EndGlobalSection
	GlobalSection(ProjectConfigurationPlatforms) = postSolution
		{18AA322C-CF39-4BE1-8FDF-FA63F2AA80F6}.Debug|Any CPU.ActiveCfg = Debug|Any CPU
		{18AA322C-CF39-4BE1-8FDF-FA63F2AA80F6}.Debug|Any CPU.Build.0 = Debug|Any CPU
		{18AA322C-CF39-4BE1-8FDF-FA63F2AA80F6}.Release|Any CPU.ActiveCfg = Release|Any CPU
		{18AA322C-CF39-4BE1-8FDF-FA63F2AA80F6}.Release|Any CPU.Build.0 = Release|Any CPU
	EndGlobalSection
	GlobalSection(SolutionProperties) = preSolution
		HideSolutionNode = FALSE
	EndGlobalSection
	GlobalSection(ExtensibilityGlobals) = postSolution
		SolutionGuid = {2A066807-CE9C-4BE8-8D77-C8782BBE9088}
	EndGlobalSection
EndGlobal
